{
    "name": "rdk",
    "lockfileVersion": 2,
    "requires": true,
    "packages": {
        "": {
            "name": "rdk",
            "dependencies": {
                "vue-tsc": "^1.0.11"
            },
            "devDependencies": {
                "ts-protoc-gen": "0.15.0"
            }
        },
        "node_modules/@babel/parser": {
            "version": "7.20.5",
            "resolved": "https://registry.npmjs.org/@babel/parser/-/parser-7.20.5.tgz",
            "integrity": "sha512-r27t/cy/m9uKLXQNWWebeCUHgnAZq0CpG1OwKRxzJMP1vpSU4bSIK2hq+/cp0bQxetkXx38n09rNu8jVkcK/zA==",
            "bin": {
                "parser": "bin/babel-parser.js"
            },
            "engines": {
                "node": ">=6.0.0"
            }
        },
        "node_modules/@volar/language-core": {
            "version": "1.0.11",
            "resolved": "https://registry.npmjs.org/@volar/language-core/-/language-core-1.0.11.tgz",
            "integrity": "sha512-YwUYKxIyDc+Fq3kQ6BGGfkrKCG5JzE2Yr6vMxrxEXW2rg/gsq3JgMk/4sI8ybRsaTirhCB4V8+AIVYsvcRxgig==",
            "dependencies": {
                "@volar/source-map": "1.0.11",
                "@vue/reactivity": "^3.2.45",
                "muggle-string": "^0.1.0"
            }
        },
        "node_modules/@volar/source-map": {
            "version": "1.0.11",
            "resolved": "https://registry.npmjs.org/@volar/source-map/-/source-map-1.0.11.tgz",
            "integrity": "sha512-tkuV9MD+OuiZfHA0qZXrPdW6F7TvnpnuTan6Qe7UGUs9+sflezlMJdjaYdGgQObfP+06pcT1E3xdkOoi08ZyyQ==",
            "dependencies": {
                "muggle-string": "^0.1.0"
            }
        },
        "node_modules/@volar/typescript": {
            "version": "1.0.11",
            "resolved": "https://registry.npmjs.org/@volar/typescript/-/typescript-1.0.11.tgz",
            "integrity": "sha512-mq7wDDAs0Eb43jev2FxbowuiwWqvL3kb+tar1we8VQbdabpyQ5dmbWPwo/IglevMmW3SKo1Et+6rqAeZpXNnPQ==",
            "dependencies": {
                "@volar/language-core": "1.0.11"
            }
        },
        "node_modules/@volar/vue-language-core": {
            "version": "1.0.11",
            "resolved": "https://registry.npmjs.org/@volar/vue-language-core/-/vue-language-core-1.0.11.tgz",
            "integrity": "sha512-A3ODs0/ua7BcpSSnE7KtO8bzWsYsbOJRyW2Q/2uktxlfHj8srln3JdgK/mNlIgfnWtACbE5K+EfMJOgJKv864A==",
            "dependencies": {
                "@volar/language-core": "1.0.11",
                "@volar/source-map": "1.0.11",
                "@vue/compiler-dom": "^3.2.45",
                "@vue/compiler-sfc": "^3.2.45",
                "@vue/reactivity": "^3.2.45",
                "@vue/shared": "^3.2.45",
                "minimatch": "^5.1.0",
                "vue-template-compiler": "^2.7.14"
            }
        },
        "node_modules/@volar/vue-typescript": {
            "version": "1.0.11",
            "resolved": "https://registry.npmjs.org/@volar/vue-typescript/-/vue-typescript-1.0.11.tgz",
            "integrity": "sha512-jlnFPvBcTyPiAbGlgjhKK7fp3Q+Z7Z5eU1NTbTSS0lQC8Gog3sh2UxLAFG5Voe1gHIxasoOEPXzMR0CWF4bKbA==",
            "dependencies": {
                "@volar/typescript": "1.0.11",
                "@volar/vue-language-core": "1.0.11"
            }
        },
        "node_modules/@vue/compiler-core": {
            "version": "3.2.45",
            "resolved": "https://registry.npmjs.org/@vue/compiler-core/-/compiler-core-3.2.45.tgz",
            "integrity": "sha512-rcMj7H+PYe5wBV3iYeUgbCglC+pbpN8hBLTJvRiK2eKQiWqu+fG9F+8sW99JdL4LQi7Re178UOxn09puSXvn4A==",
            "dependencies": {
                "@babel/parser": "^7.16.4",
                "@vue/shared": "3.2.45",
                "estree-walker": "^2.0.2",
                "source-map": "^0.6.1"
            }
        },
        "node_modules/@vue/compiler-dom": {
            "version": "3.2.45",
            "resolved": "https://registry.npmjs.org/@vue/compiler-dom/-/compiler-dom-3.2.45.tgz",
            "integrity": "sha512-tyYeUEuKqqZO137WrZkpwfPCdiiIeXYCcJ8L4gWz9vqaxzIQRccTSwSWZ/Axx5YR2z+LvpUbmPNXxuBU45lyRw==",
            "dependencies": {
                "@vue/compiler-core": "3.2.45",
                "@vue/shared": "3.2.45"
            }
        },
        "node_modules/@vue/compiler-sfc": {
            "version": "3.2.45",
            "resolved": "https://registry.npmjs.org/@vue/compiler-sfc/-/compiler-sfc-3.2.45.tgz",
            "integrity": "sha512-1jXDuWah1ggsnSAOGsec8cFjT/K6TMZ0sPL3o3d84Ft2AYZi2jWJgRMjw4iaK0rBfA89L5gw427H4n1RZQBu6Q==",
            "dependencies": {
                "@babel/parser": "^7.16.4",
                "@vue/compiler-core": "3.2.45",
                "@vue/compiler-dom": "3.2.45",
                "@vue/compiler-ssr": "3.2.45",
                "@vue/reactivity-transform": "3.2.45",
                "@vue/shared": "3.2.45",
                "estree-walker": "^2.0.2",
                "magic-string": "^0.25.7",
                "postcss": "^8.1.10",
                "source-map": "^0.6.1"
            }
        },
        "node_modules/@vue/compiler-ssr": {
            "version": "3.2.45",
            "resolved": "https://registry.npmjs.org/@vue/compiler-ssr/-/compiler-ssr-3.2.45.tgz",
            "integrity": "sha512-6BRaggEGqhWht3lt24CrIbQSRD5O07MTmd+LjAn5fJj568+R9eUD2F7wMQJjX859seSlrYog7sUtrZSd7feqrQ==",
            "dependencies": {
                "@vue/compiler-dom": "3.2.45",
                "@vue/shared": "3.2.45"
            }
        },
        "node_modules/@vue/reactivity": {
            "version": "3.2.45",
            "resolved": "https://registry.npmjs.org/@vue/reactivity/-/reactivity-3.2.45.tgz",
            "integrity": "sha512-PRvhCcQcyEVohW0P8iQ7HDcIOXRjZfAsOds3N99X/Dzewy8TVhTCT4uXpAHfoKjVTJRA0O0K+6QNkDIZAxNi3A==",
            "dependencies": {
                "@vue/shared": "3.2.45"
            }
        },
        "node_modules/@vue/reactivity-transform": {
            "version": "3.2.45",
            "resolved": "https://registry.npmjs.org/@vue/reactivity-transform/-/reactivity-transform-3.2.45.tgz",
            "integrity": "sha512-BHVmzYAvM7vcU5WmuYqXpwaBHjsS8T63jlKGWVtHxAHIoMIlmaMyurUSEs1Zcg46M4AYT5MtB1U274/2aNzjJQ==",
            "dependencies": {
                "@babel/parser": "^7.16.4",
                "@vue/compiler-core": "3.2.45",
                "@vue/shared": "3.2.45",
                "estree-walker": "^2.0.2",
                "magic-string": "^0.25.7"
            }
        },
        "node_modules/@vue/shared": {
            "version": "3.2.45",
            "resolved": "https://registry.npmjs.org/@vue/shared/-/shared-3.2.45.tgz",
            "integrity": "sha512-Ewzq5Yhimg7pSztDV+RH1UDKBzmtqieXQlpTVm2AwraoRL/Rks96mvd8Vgi7Lj+h+TH8dv7mXD3FRZR3TUvbSg=="
        },
        "node_modules/balanced-match": {
            "version": "1.0.2",
            "resolved": "https://registry.npmjs.org/balanced-match/-/balanced-match-1.0.2.tgz",
            "integrity": "sha512-3oSeUO0TMV67hN1AmbXsK4yaqU7tjiHlbxRDZOpH0KW9+CeX4bRAaX0Anxt0tx2MrpRpWwQaPwIlISEJhYU5Pw=="
        },
        "node_modules/brace-expansion": {
            "version": "2.0.1",
            "resolved": "https://registry.npmjs.org/brace-expansion/-/brace-expansion-2.0.1.tgz",
            "integrity": "sha512-XnAIvQ8eM+kC6aULx6wuQiwVsnzsi9d3WxzV3FpWTGA19F621kwdbsAcFKXgKUHZWsy+mY6iL1sHTxWEFCytDA==",
            "dependencies": {
                "balanced-match": "^1.0.0"
            }
        },
        "node_modules/de-indent": {
            "version": "1.0.2",
            "resolved": "https://registry.npmjs.org/de-indent/-/de-indent-1.0.2.tgz",
            "integrity": "sha512-e/1zu3xH5MQryN2zdVaF0OrdNLUbvWxzMbi+iNA6Bky7l1RoP8a2fIbRocyHclXt/arDrrR6lL3TqFD9pMQTsg=="
        },
        "node_modules/estree-walker": {
            "version": "2.0.2",
            "resolved": "https://registry.npmjs.org/estree-walker/-/estree-walker-2.0.2.tgz",
            "integrity": "sha512-Rfkk/Mp/DL7JVje3u18FxFujQlTNR2q6QfMSMB7AvCBx91NGj/ba3kCfza0f6dVDbw7YlRf/nDrn7pQrCCyQ/w=="
        },
        "node_modules/google-protobuf": {
            "version": "3.21.0",
            "resolved": "https://registry.npmjs.org/google-protobuf/-/google-protobuf-3.21.0.tgz",
            "integrity": "sha512-byR7MBTK4tZ5PZEb+u5ZTzpt4SfrTxv5682MjPlHN16XeqgZE2/8HOIWeiXe8JKnT9OVbtBGhbq8mtvkK8cd5g==",
            "dev": true
        },
        "node_modules/he": {
            "version": "1.2.0",
            "resolved": "https://registry.npmjs.org/he/-/he-1.2.0.tgz",
            "integrity": "sha512-F/1DnUGPopORZi0ni+CvrCgHQ5FyEAHRLSApuYWMmrbSwoN2Mn/7k+Gl38gJnR7yyDZk6WLXwiGod1JOWNDKGw==",
            "bin": {
                "he": "bin/he"
            }
        },
        "node_modules/magic-string": {
            "version": "0.25.9",
            "resolved": "https://registry.npmjs.org/magic-string/-/magic-string-0.25.9.tgz",
            "integrity": "sha512-RmF0AsMzgt25qzqqLc1+MbHmhdx0ojF2Fvs4XnOqz2ZOBXzzkEwc/dJQZCYHAn7v1jbVOjAZfK8msRn4BxO4VQ==",
            "dependencies": {
                "sourcemap-codec": "^1.4.8"
            }
        },
        "node_modules/minimatch": {
            "version": "5.1.1",
            "resolved": "https://registry.npmjs.org/minimatch/-/minimatch-5.1.1.tgz",
            "integrity": "sha512-362NP+zlprccbEt/SkxKfRMHnNY85V74mVnpUpNyr3F35covl09Kec7/sEFLt3RA4oXmewtoaanoIf67SE5Y5g==",
            "dependencies": {
                "brace-expansion": "^2.0.1"
            },
            "engines": {
                "node": ">=10"
            }
        },
        "node_modules/muggle-string": {
            "version": "0.1.0",
            "resolved": "https://registry.npmjs.org/muggle-string/-/muggle-string-0.1.0.tgz",
            "integrity": "sha512-Tr1knR3d2mKvvWthlk7202rywKbiOm4rVFLsfAaSIhJ6dt9o47W4S+JMtWhd/PW9Wrdew2/S2fSvhz3E2gkfEg=="
        },
        "node_modules/nanoid": {
            "version": "3.3.4",
            "resolved": "https://registry.npmjs.org/nanoid/-/nanoid-3.3.4.tgz",
            "integrity": "sha512-MqBkQh/OHTS2egovRtLk45wEyNXwF+cokD+1YPf9u5VfJiRdAiRwB2froX5Co9Rh20xs4siNPm8naNotSD6RBw==",
            "bin": {
                "nanoid": "bin/nanoid.cjs"
            },
            "engines": {
                "node": "^10 || ^12 || ^13.7 || ^14 || >=15.0.1"
            }
        },
        "node_modules/picocolors": {
            "version": "1.0.0",
            "resolved": "https://registry.npmjs.org/picocolors/-/picocolors-1.0.0.tgz",
            "integrity": "sha512-1fygroTLlHu66zi26VoTDv8yRgm0Fccecssto+MhsZ0D/DGW2sm8E8AjW7NU5VVTRt5GxbeZ5qBuJr+HyLYkjQ=="
        },
        "node_modules/postcss": {
            "version": "8.4.19",
            "resolved": "https://registry.npmjs.org/postcss/-/postcss-8.4.19.tgz",
            "integrity": "sha512-h+pbPsyhlYj6N2ozBmHhHrs9DzGmbaarbLvWipMRO7RLS+v4onj26MPFXA5OBYFxyqYhUJK456SwDcY9H2/zsA==",
            "funding": [
                {
                    "type": "opencollective",
                    "url": "https://opencollective.com/postcss/"
                },
                {
                    "type": "tidelift",
                    "url": "https://tidelift.com/funding/github/npm/postcss"
                }
            ],
            "dependencies": {
                "nanoid": "^3.3.4",
                "picocolors": "^1.0.0",
                "source-map-js": "^1.0.2"
            },
            "engines": {
                "node": "^10 || ^12 || >=14"
            }
        },
        "node_modules/source-map": {
            "version": "0.6.1",
            "resolved": "https://registry.npmjs.org/source-map/-/source-map-0.6.1.tgz",
            "integrity": "sha512-UjgapumWlbMhkBgzT7Ykc5YXUT46F0iKu8SGXq0bcwP5dz/h0Plj6enJqjz1Zbq2l5WaqYnrVbwWOWMyF3F47g==",
            "engines": {
                "node": ">=0.10.0"
            }
        },
        "node_modules/source-map-js": {
            "version": "1.0.2",
            "resolved": "https://registry.npmjs.org/source-map-js/-/source-map-js-1.0.2.tgz",
            "integrity": "sha512-R0XvVJ9WusLiqTCEiGCmICCMplcCkIwwR11mOSD9CR5u+IXYdiseeEuXCVAjS54zqwkLcPNnmU4OeJ6tUrWhDw==",
            "engines": {
                "node": ">=0.10.0"
            }
        },
        "node_modules/sourcemap-codec": {
            "version": "1.4.8",
            "resolved": "https://registry.npmjs.org/sourcemap-codec/-/sourcemap-codec-1.4.8.tgz",
            "integrity": "sha512-9NykojV5Uih4lgo5So5dtw+f0JgJX30KCNI8gwhz2J9A15wD0Ml6tjHKwf6fTSa6fAdVBdZeNOs9eJ71qCk8vA==",
            "deprecated": "Please use @jridgewell/sourcemap-codec instead"
        },
        "node_modules/ts-protoc-gen": {
            "version": "0.15.0",
            "resolved": "https://registry.npmjs.org/ts-protoc-gen/-/ts-protoc-gen-0.15.0.tgz",
            "integrity": "sha512-TycnzEyrdVDlATJ3bWFTtra3SCiEP0W0vySXReAuEygXCUr1j2uaVyL0DhzjwuUdQoW5oXPwk6oZWeA0955V+g==",
            "dev": true,
            "dependencies": {
                "google-protobuf": "^3.15.5"
            },
            "bin": {
                "protoc-gen-ts": "bin/protoc-gen-ts"
            }
        },
        "node_modules/typescript": {
            "version": "4.9.3",
            "resolved": "https://registry.npmjs.org/typescript/-/typescript-4.9.3.tgz",
            "integrity": "sha512-CIfGzTelbKNEnLpLdGFgdyKhG23CKdKgQPOBc+OUNrkJ2vr+KSzsSV5kq5iWhEQbok+quxgGzrAtGWCyU7tHnA==",
            "peer": true,
            "bin": {
                "tsc": "bin/tsc",
                "tsserver": "bin/tsserver"
            },
            "engines": {
                "node": ">=4.2.0"
            }
        },
        "node_modules/vue-template-compiler": {
            "version": "2.7.14",
            "resolved": "https://registry.npmjs.org/vue-template-compiler/-/vue-template-compiler-2.7.14.tgz",
            "integrity": "sha512-zyA5Y3ArvVG0NacJDkkzJuPQDF8RFeRlzV2vLeSnhSpieO6LK2OVbdLPi5MPPs09Ii+gMO8nY4S3iKQxBxDmWQ==",
            "dependencies": {
                "de-indent": "^1.0.2",
                "he": "^1.2.0"
            }
        },
        "node_modules/vue-tsc": {
            "version": "1.0.11",
            "resolved": "https://registry.npmjs.org/vue-tsc/-/vue-tsc-1.0.11.tgz",
            "integrity": "sha512-lj+6dEroPsE4wmQOPtjCzAf8x363Km5/tuEvMEoQaoRnzs9myBM46FNvCGIIPStYUGuaqF1W1bORmP2KDQEORA==",
            "dependencies": {
                "@volar/vue-language-core": "1.0.11",
                "@volar/vue-typescript": "1.0.11"
            },
            "bin": {
                "vue-tsc": "bin/vue-tsc.js"
            },
            "peerDependencies": {
                "typescript": "*"
            }
        }
    },
    "dependencies": {
        "@babel/parser": {
            "version": "7.20.5",
            "resolved": "https://registry.npmjs.org/@babel/parser/-/parser-7.20.5.tgz",
            "integrity": "sha512-r27t/cy/m9uKLXQNWWebeCUHgnAZq0CpG1OwKRxzJMP1vpSU4bSIK2hq+/cp0bQxetkXx38n09rNu8jVkcK/zA=="
        },
        "@volar/language-core": {
            "version": "1.0.11",
            "resolved": "https://registry.npmjs.org/@volar/language-core/-/language-core-1.0.11.tgz",
            "integrity": "sha512-YwUYKxIyDc+Fq3kQ6BGGfkrKCG5JzE2Yr6vMxrxEXW2rg/gsq3JgMk/4sI8ybRsaTirhCB4V8+AIVYsvcRxgig==",
            "requires": {
                "@volar/source-map": "1.0.11",
                "@vue/reactivity": "^3.2.45",
                "muggle-string": "^0.1.0"
            }
        },
        "@volar/source-map": {
            "version": "1.0.11",
            "resolved": "https://registry.npmjs.org/@volar/source-map/-/source-map-1.0.11.tgz",
            "integrity": "sha512-tkuV9MD+OuiZfHA0qZXrPdW6F7TvnpnuTan6Qe7UGUs9+sflezlMJdjaYdGgQObfP+06pcT1E3xdkOoi08ZyyQ==",
            "requires": {
                "muggle-string": "^0.1.0"
            }
        },
        "@volar/typescript": {
            "version": "1.0.11",
            "resolved": "https://registry.npmjs.org/@volar/typescript/-/typescript-1.0.11.tgz",
            "integrity": "sha512-mq7wDDAs0Eb43jev2FxbowuiwWqvL3kb+tar1we8VQbdabpyQ5dmbWPwo/IglevMmW3SKo1Et+6rqAeZpXNnPQ==",
            "requires": {
                "@volar/language-core": "1.0.11"
            }
        },
        "@volar/vue-language-core": {
            "version": "1.0.11",
            "resolved": "https://registry.npmjs.org/@volar/vue-language-core/-/vue-language-core-1.0.11.tgz",
            "integrity": "sha512-A3ODs0/ua7BcpSSnE7KtO8bzWsYsbOJRyW2Q/2uktxlfHj8srln3JdgK/mNlIgfnWtACbE5K+EfMJOgJKv864A==",
            "requires": {
                "@volar/language-core": "1.0.11",
                "@volar/source-map": "1.0.11",
                "@vue/compiler-dom": "^3.2.45",
                "@vue/compiler-sfc": "^3.2.45",
                "@vue/reactivity": "^3.2.45",
                "@vue/shared": "^3.2.45",
                "minimatch": "^5.1.0",
                "vue-template-compiler": "^2.7.14"
            }
        },
        "@volar/vue-typescript": {
            "version": "1.0.11",
            "resolved": "https://registry.npmjs.org/@volar/vue-typescript/-/vue-typescript-1.0.11.tgz",
            "integrity": "sha512-jlnFPvBcTyPiAbGlgjhKK7fp3Q+Z7Z5eU1NTbTSS0lQC8Gog3sh2UxLAFG5Voe1gHIxasoOEPXzMR0CWF4bKbA==",
            "requires": {
                "@volar/typescript": "1.0.11",
                "@volar/vue-language-core": "1.0.11"
            }
        },
        "@vue/compiler-core": {
            "version": "3.2.45",
            "resolved": "https://registry.npmjs.org/@vue/compiler-core/-/compiler-core-3.2.45.tgz",
            "integrity": "sha512-rcMj7H+PYe5wBV3iYeUgbCglC+pbpN8hBLTJvRiK2eKQiWqu+fG9F+8sW99JdL4LQi7Re178UOxn09puSXvn4A==",
            "requires": {
                "@babel/parser": "^7.16.4",
                "@vue/shared": "3.2.45",
                "estree-walker": "^2.0.2",
                "source-map": "^0.6.1"
            }
        },
        "@vue/compiler-dom": {
            "version": "3.2.45",
            "resolved": "https://registry.npmjs.org/@vue/compiler-dom/-/compiler-dom-3.2.45.tgz",
            "integrity": "sha512-tyYeUEuKqqZO137WrZkpwfPCdiiIeXYCcJ8L4gWz9vqaxzIQRccTSwSWZ/Axx5YR2z+LvpUbmPNXxuBU45lyRw==",
            "requires": {
                "@vue/compiler-core": "3.2.45",
                "@vue/shared": "3.2.45"
            }
        },
        "@vue/compiler-sfc": {
            "version": "3.2.45",
            "resolved": "https://registry.npmjs.org/@vue/compiler-sfc/-/compiler-sfc-3.2.45.tgz",
            "integrity": "sha512-1jXDuWah1ggsnSAOGsec8cFjT/K6TMZ0sPL3o3d84Ft2AYZi2jWJgRMjw4iaK0rBfA89L5gw427H4n1RZQBu6Q==",
            "requires": {
                "@babel/parser": "^7.16.4",
                "@vue/compiler-core": "3.2.45",
                "@vue/compiler-dom": "3.2.45",
                "@vue/compiler-ssr": "3.2.45",
                "@vue/reactivity-transform": "3.2.45",
                "@vue/shared": "3.2.45",
                "estree-walker": "^2.0.2",
                "magic-string": "^0.25.7",
                "postcss": "^8.1.10",
                "source-map": "^0.6.1"
            }
        },
        "@vue/compiler-ssr": {
            "version": "3.2.45",
            "resolved": "https://registry.npmjs.org/@vue/compiler-ssr/-/compiler-ssr-3.2.45.tgz",
            "integrity": "sha512-6BRaggEGqhWht3lt24CrIbQSRD5O07MTmd+LjAn5fJj568+R9eUD2F7wMQJjX859seSlrYog7sUtrZSd7feqrQ==",
            "requires": {
                "@vue/compiler-dom": "3.2.45",
                "@vue/shared": "3.2.45"
            }
        },
        "@vue/reactivity": {
            "version": "3.2.45",
            "resolved": "https://registry.npmjs.org/@vue/reactivity/-/reactivity-3.2.45.tgz",
            "integrity": "sha512-PRvhCcQcyEVohW0P8iQ7HDcIOXRjZfAsOds3N99X/Dzewy8TVhTCT4uXpAHfoKjVTJRA0O0K+6QNkDIZAxNi3A==",
            "requires": {
                "@vue/shared": "3.2.45"
            }
        },
        "@vue/reactivity-transform": {
            "version": "3.2.45",
            "resolved": "https://registry.npmjs.org/@vue/reactivity-transform/-/reactivity-transform-3.2.45.tgz",
            "integrity": "sha512-BHVmzYAvM7vcU5WmuYqXpwaBHjsS8T63jlKGWVtHxAHIoMIlmaMyurUSEs1Zcg46M4AYT5MtB1U274/2aNzjJQ==",
            "requires": {
                "@babel/parser": "^7.16.4",
                "@vue/compiler-core": "3.2.45",
                "@vue/shared": "3.2.45",
                "estree-walker": "^2.0.2",
                "magic-string": "^0.25.7"
            }
        },
        "@vue/shared": {
            "version": "3.2.45",
            "resolved": "https://registry.npmjs.org/@vue/shared/-/shared-3.2.45.tgz",
            "integrity": "sha512-Ewzq5Yhimg7pSztDV+RH1UDKBzmtqieXQlpTVm2AwraoRL/Rks96mvd8Vgi7Lj+h+TH8dv7mXD3FRZR3TUvbSg=="
        },
        "balanced-match": {
            "version": "1.0.2",
            "resolved": "https://registry.npmjs.org/balanced-match/-/balanced-match-1.0.2.tgz",
            "integrity": "sha512-3oSeUO0TMV67hN1AmbXsK4yaqU7tjiHlbxRDZOpH0KW9+CeX4bRAaX0Anxt0tx2MrpRpWwQaPwIlISEJhYU5Pw=="
        },
        "brace-expansion": {
            "version": "2.0.1",
            "resolved": "https://registry.npmjs.org/brace-expansion/-/brace-expansion-2.0.1.tgz",
            "integrity": "sha512-XnAIvQ8eM+kC6aULx6wuQiwVsnzsi9d3WxzV3FpWTGA19F621kwdbsAcFKXgKUHZWsy+mY6iL1sHTxWEFCytDA==",
            "requires": {
                "balanced-match": "^1.0.0"
            }
        },
        "de-indent": {
            "version": "1.0.2",
            "resolved": "https://registry.npmjs.org/de-indent/-/de-indent-1.0.2.tgz",
            "integrity": "sha512-e/1zu3xH5MQryN2zdVaF0OrdNLUbvWxzMbi+iNA6Bky7l1RoP8a2fIbRocyHclXt/arDrrR6lL3TqFD9pMQTsg=="
        },
        "estree-walker": {
            "version": "2.0.2",
            "resolved": "https://registry.npmjs.org/estree-walker/-/estree-walker-2.0.2.tgz",
            "integrity": "sha512-Rfkk/Mp/DL7JVje3u18FxFujQlTNR2q6QfMSMB7AvCBx91NGj/ba3kCfza0f6dVDbw7YlRf/nDrn7pQrCCyQ/w=="
        },
        "google-protobuf": {
            "version": "3.21.0",
            "resolved": "https://registry.npmjs.org/google-protobuf/-/google-protobuf-3.21.0.tgz",
            "integrity": "sha512-byR7MBTK4tZ5PZEb+u5ZTzpt4SfrTxv5682MjPlHN16XeqgZE2/8HOIWeiXe8JKnT9OVbtBGhbq8mtvkK8cd5g==",
            "dev": true
        },
        "he": {
            "version": "1.2.0",
            "resolved": "https://registry.npmjs.org/he/-/he-1.2.0.tgz",
            "integrity": "sha512-F/1DnUGPopORZi0ni+CvrCgHQ5FyEAHRLSApuYWMmrbSwoN2Mn/7k+Gl38gJnR7yyDZk6WLXwiGod1JOWNDKGw=="
        },
        "magic-string": {
            "version": "0.25.9",
            "resolved": "https://registry.npmjs.org/magic-string/-/magic-string-0.25.9.tgz",
            "integrity": "sha512-RmF0AsMzgt25qzqqLc1+MbHmhdx0ojF2Fvs4XnOqz2ZOBXzzkEwc/dJQZCYHAn7v1jbVOjAZfK8msRn4BxO4VQ==",
            "requires": {
                "sourcemap-codec": "^1.4.8"
            }
        },
        "minimatch": {
            "version": "5.1.1",
            "resolved": "https://registry.npmjs.org/minimatch/-/minimatch-5.1.1.tgz",
            "integrity": "sha512-362NP+zlprccbEt/SkxKfRMHnNY85V74mVnpUpNyr3F35covl09Kec7/sEFLt3RA4oXmewtoaanoIf67SE5Y5g==",
            "requires": {
                "brace-expansion": "^2.0.1"
            }
        },
        "muggle-string": {
            "version": "0.1.0",
            "resolved": "https://registry.npmjs.org/muggle-string/-/muggle-string-0.1.0.tgz",
            "integrity": "sha512-Tr1knR3d2mKvvWthlk7202rywKbiOm4rVFLsfAaSIhJ6dt9o47W4S+JMtWhd/PW9Wrdew2/S2fSvhz3E2gkfEg=="
        },
        "nanoid": {
            "version": "3.3.4",
            "resolved": "https://registry.npmjs.org/nanoid/-/nanoid-3.3.4.tgz",
            "integrity": "sha512-MqBkQh/OHTS2egovRtLk45wEyNXwF+cokD+1YPf9u5VfJiRdAiRwB2froX5Co9Rh20xs4siNPm8naNotSD6RBw=="
        },
        "picocolors": {
            "version": "1.0.0",
            "resolved": "https://registry.npmjs.org/picocolors/-/picocolors-1.0.0.tgz",
            "integrity": "sha512-1fygroTLlHu66zi26VoTDv8yRgm0Fccecssto+MhsZ0D/DGW2sm8E8AjW7NU5VVTRt5GxbeZ5qBuJr+HyLYkjQ=="
        },
        "postcss": {
            "version": "8.4.19",
            "resolved": "https://registry.npmjs.org/postcss/-/postcss-8.4.19.tgz",
            "integrity": "sha512-h+pbPsyhlYj6N2ozBmHhHrs9DzGmbaarbLvWipMRO7RLS+v4onj26MPFXA5OBYFxyqYhUJK456SwDcY9H2/zsA==",
            "requires": {
                "nanoid": "^3.3.4",
                "picocolors": "^1.0.0",
                "source-map-js": "^1.0.2"
            }
        },
        "source-map": {
            "version": "0.6.1",
            "resolved": "https://registry.npmjs.org/source-map/-/source-map-0.6.1.tgz",
            "integrity": "sha512-UjgapumWlbMhkBgzT7Ykc5YXUT46F0iKu8SGXq0bcwP5dz/h0Plj6enJqjz1Zbq2l5WaqYnrVbwWOWMyF3F47g=="
        },
        "source-map-js": {
            "version": "1.0.2",
            "resolved": "https://registry.npmjs.org/source-map-js/-/source-map-js-1.0.2.tgz",
            "integrity": "sha512-R0XvVJ9WusLiqTCEiGCmICCMplcCkIwwR11mOSD9CR5u+IXYdiseeEuXCVAjS54zqwkLcPNnmU4OeJ6tUrWhDw=="
        },
        "sourcemap-codec": {
            "version": "1.4.8",
            "resolved": "https://registry.npmjs.org/sourcemap-codec/-/sourcemap-codec-1.4.8.tgz",
            "integrity": "sha512-9NykojV5Uih4lgo5So5dtw+f0JgJX30KCNI8gwhz2J9A15wD0Ml6tjHKwf6fTSa6fAdVBdZeNOs9eJ71qCk8vA=="
        },
        "ts-protoc-gen": {
            "version": "0.15.0",
            "resolved": "https://registry.npmjs.org/ts-protoc-gen/-/ts-protoc-gen-0.15.0.tgz",
            "integrity": "sha512-TycnzEyrdVDlATJ3bWFTtra3SCiEP0W0vySXReAuEygXCUr1j2uaVyL0DhzjwuUdQoW5oXPwk6oZWeA0955V+g==",
            "dev": true,
            "requires": {
                "google-protobuf": "^3.15.5"
            }
        },
        "typescript": {
            "version": "4.9.3",
            "resolved": "https://registry.npmjs.org/typescript/-/typescript-4.9.3.tgz",
            "integrity": "sha512-CIfGzTelbKNEnLpLdGFgdyKhG23CKdKgQPOBc+OUNrkJ2vr+KSzsSV5kq5iWhEQbok+quxgGzrAtGWCyU7tHnA==",
            "peer": true
        },
        "vue-template-compiler": {
            "version": "2.7.14",
            "resolved": "https://registry.npmjs.org/vue-template-compiler/-/vue-template-compiler-2.7.14.tgz",
            "integrity": "sha512-zyA5Y3ArvVG0NacJDkkzJuPQDF8RFeRlzV2vLeSnhSpieO6LK2OVbdLPi5MPPs09Ii+gMO8nY4S3iKQxBxDmWQ==",
            "requires": {
                "de-indent": "^1.0.2",
                "he": "^1.2.0"
            }
        },
        "vue-tsc": {
            "version": "1.0.11",
            "resolved": "https://registry.npmjs.org/vue-tsc/-/vue-tsc-1.0.11.tgz",
            "integrity": "sha512-lj+6dEroPsE4wmQOPtjCzAf8x363Km5/tuEvMEoQaoRnzs9myBM46FNvCGIIPStYUGuaqF1W1bORmP2KDQEORA==",
            "requires": {
                "@volar/vue-language-core": "1.0.11",
                "@volar/vue-typescript": "1.0.11"
            }
        }
    }
}
